
Microsoft Visual Studio Solution File, Format Version 12.00
# Visual Studio Version 17
VisualStudioVersion = 17.0.32112.339
MinimumVisualStudioVersion = 10.0.40219.1
Project("{FAE04EC0-301F-11D3-BF4B-00C04F79EFBC}") = "Horbor.Client", "Horbor.Client\Horbor.Client.csproj", "{BAF57CA2-7880-4C7C-9837-1A49B3ECEBF2}"
EndProject
Global
	GlobalSection(SolutionConfigurationPlatforms) = preSolution
		Debug|Any CPU = Debug|Any CPU
		Release|Any CPU = Release|Any CPU
	EndGlobalSection
	GlobalSection(ProjectConfigurationPlatforms) = postSolution
		{BAF57CA2-7880-4C7C-9837-1A49B3ECEBF2}.Debug|Any CPU.ActiveCfg = Debug|Any CPU
		{BAF57CA2-7880-4C7C-9837-1A49B3ECEBF2}.Debug|Any CPU.Build.0 = Debug|Any CPU
		{BAF57CA2-7880-4C7C-9837-1A49B3ECEBF2}.Release|Any CPU.ActiveCfg = Release|Any CPU
		{BAF57CA2-7880-4C7C-9837-1A49B3ECEBF2}.Release|Any CPU.Build.0 = Release|Any CPU
	EndGlobalSection
	GlobalSection(SolutionProperties) = preSolution
		HideSolutionNode = FALSE
	EndGlobalSection
	GlobalSection(ExtensibilityGlobals) = postSolution
		SolutionGuid = {8DD918FD-0BDD-4FE5-A168-CA41DC86D143}
	EndGlobalSection
EndGlobal
